
Microsoft Visual Studio Solution File, Format Version 12.00
# Visual Studio Version 17
VisualStudioVersion = 17.0.31903.59
MinimumVisualStudioVersion = 10.0.40219.1
Project("{2150E333-8FDC-42A3-9474-1A3956D46DE8}") = "src", "src", "{37B23DD2-DA19-4CB2-91E6-AE58B3C88F07}"
EndProject
Project("{FAE04EC0-301F-11D3-BF4B-00C04F79EFBC}") = "ParkingSpace.Common", "src\Common\ParkingSpace.Common.csproj", "{EB069C2B-0F65-4CBA-AD89-9AA3CA939F23}"
EndProject
Project("{FAE04EC0-301F-11D3-BF4B-00C04F79EFBC}") = "ParkingSpace", "src\Service\ParkingSpace.csproj", "{BB542898-6912-4433-A4C8-04BA000F8325}"
EndProject
Global
	GlobalSection(SolutionConfigurationPlatforms) = preSolution
		Debug|Any CPU = Debug|Any CPU
		Release|Any CPU = Release|Any CPU
	EndGlobalSection
	GlobalSection(SolutionProperties) = preSolution
		HideSolutionNode = FALSE
	EndGlobalSection
	GlobalSection(ProjectConfigurationPlatforms) = postSolution
		{EB069C2B-0F65-4CBA-AD89-9AA3CA939F23}.Debug|Any CPU.ActiveCfg = Debug|Any CPU
		{EB069C2B-0F65-4CBA-AD89-9AA3CA939F23}.Debug|Any CPU.Build.0 = Debug|Any CPU
		{EB069C2B-0F65-4CBA-AD89-9AA3CA939F23}.Release|Any CPU.ActiveCfg = Release|Any CPU
		{EB069C2B-0F65-4CBA-AD89-9AA3CA939F23}.Release|Any CPU.Build.0 = Release|Any CPU
		{BB542898-6912-4433-A4C8-04BA000F8325}.Debug|Any CPU.ActiveCfg = Debug|Any CPU
		{BB542898-6912-4433-A4C8-04BA000F8325}.Debug|Any CPU.Build.0 = Debug|Any CPU
		{BB542898-6912-4433-A4C8-04BA000F8325}.Release|Any CPU.ActiveCfg = Release|Any CPU
		{BB542898-6912-4433-A4C8-04BA000F8325}.Release|Any CPU.Build.0 = Release|Any CPU
	EndGlobalSection
	GlobalSection(NestedProjects) = preSolution
		{EB069C2B-0F65-4CBA-AD89-9AA3CA939F23} = {37B23DD2-DA19-4CB2-91E6-AE58B3C88F07}
		{BB542898-6912-4433-A4C8-04BA000F8325} = {37B23DD2-DA19-4CB2-91E6-AE58B3C88F07}
	EndGlobalSection
EndGlobal
