
Microsoft Visual Studio Solution File, Format Version 12.00
# Visual Studio Version 17
VisualStudioVersion = 17.0.31903.59
MinimumVisualStudioVersion = 10.0.40219.1
Project("{FAE04EC0-301F-11D3-BF4B-00C04F79EFBC}") = "ParkingSpace", "Service\ParkingSpace.csproj", "{F5818A4A-25A9-4E55-B650-50B0D32B3ED4}"
EndProject
Project("{FAE04EC0-301F-11D3-BF4B-00C04F79EFBC}") = "ParkingSpace.Common", "Common\ParkingSpace.Common.csproj", "{34B89D1B-CB67-4403-9F1C-538EB09EA55B}"
EndProject
Project("{2150E333-8FDC-42A3-9474-1A3956D46DE8}") = "tests", "tests", "{F2C246AA-2E71-44C3-9E96-A5B9FDBAA9D6}"
EndProject
Project("{FAE04EC0-301F-11D3-BF4B-00C04F79EFBC}") = "ParkingSpace.Tests", "tests\Service\ParkingSpace.Tests.csproj", "{10DCF441-0143-4DF6-A8E3-8FB353C3A7C3}"
EndProject
Global
	GlobalSection(SolutionConfigurationPlatforms) = preSolution
		Debug|Any CPU = Debug|Any CPU
		Release|Any CPU = Release|Any CPU
	EndGlobalSection
	GlobalSection(SolutionProperties) = preSolution
		HideSolutionNode = FALSE
	EndGlobalSection
	GlobalSection(ProjectConfigurationPlatforms) = postSolution
		{F5818A4A-25A9-4E55-B650-50B0D32B3ED4}.Debug|Any CPU.ActiveCfg = Debug|Any CPU
		{F5818A4A-25A9-4E55-B650-50B0D32B3ED4}.Debug|Any CPU.Build.0 = Debug|Any CPU
		{F5818A4A-25A9-4E55-B650-50B0D32B3ED4}.Release|Any CPU.ActiveCfg = Release|Any CPU
		{F5818A4A-25A9-4E55-B650-50B0D32B3ED4}.Release|Any CPU.Build.0 = Release|Any CPU
		{34B89D1B-CB67-4403-9F1C-538EB09EA55B}.Debug|Any CPU.ActiveCfg = Debug|Any CPU
		{34B89D1B-CB67-4403-9F1C-538EB09EA55B}.Debug|Any CPU.Build.0 = Debug|Any CPU
		{34B89D1B-CB67-4403-9F1C-538EB09EA55B}.Release|Any CPU.ActiveCfg = Release|Any CPU
		{34B89D1B-CB67-4403-9F1C-538EB09EA55B}.Release|Any CPU.Build.0 = Release|Any CPU
		{10DCF441-0143-4DF6-A8E3-8FB353C3A7C3}.Debug|Any CPU.ActiveCfg = Debug|Any CPU
		{10DCF441-0143-4DF6-A8E3-8FB353C3A7C3}.Debug|Any CPU.Build.0 = Debug|Any CPU
		{10DCF441-0143-4DF6-A8E3-8FB353C3A7C3}.Release|Any CPU.ActiveCfg = Release|Any CPU
		{10DCF441-0143-4DF6-A8E3-8FB353C3A7C3}.Release|Any CPU.Build.0 = Release|Any CPU
	EndGlobalSection
	GlobalSection(NestedProjects) = preSolution
		{10DCF441-0143-4DF6-A8E3-8FB353C3A7C3} = {F2C246AA-2E71-44C3-9E96-A5B9FDBAA9D6}
	EndGlobalSection
EndGlobal
